
Microsoft Visual Studio Solution File, Format Version 12.00
# Visual Studio Version 17
VisualStudioVersion = 17.10.34928.147
MinimumVisualStudioVersion = 10.0.40219.1
Project("{FAE04EC0-301F-11D3-BF4B-00C04F79EFBC}") = "DapperProject", "DapperProject.csproj", "{BBF5BF8F-E6BC-443E-B9CA-9F411F552079}"
EndProject
Global
	GlobalSection(SolutionConfigurationPlatforms) = preSolution
		Debug|Any CPU = Debug|Any CPU
		Release|Any CPU = Release|Any CPU
	EndGlobalSection
	GlobalSection(ProjectConfigurationPlatforms) = postSolution
		{BBF5BF8F-E6BC-443E-B9CA-9F411F552079}.Debug|Any CPU.ActiveCfg = Debug|Any CPU
		{BBF5BF8F-E6BC-443E-B9CA-9F411F552079}.Debug|Any CPU.Build.0 = Debug|Any CPU
		{BBF5BF8F-E6BC-443E-B9CA-9F411F552079}.Release|Any CPU.ActiveCfg = Release|Any CPU
		{BBF5BF8F-E6BC-443E-B9CA-9F411F552079}.Release|Any CPU.Build.0 = Release|Any CPU
	EndGlobalSection
	GlobalSection(SolutionProperties) = preSolution
		HideSolutionNode = FALSE
	EndGlobalSection
	GlobalSection(ExtensibilityGlobals) = postSolution
		SolutionGuid = {0ED26AAF-02A2-4676-BCA5-34CBD6E0BB81}
	EndGlobalSection
EndGlobal
